
Microsoft Visual Studio Solution File, Format Version 12.00
# Visual Studio Version 16
VisualStudioVersion = 16.0.30413.136
MinimumVisualStudioVersion = 10.0.40219.1
Project("{FAE04EC0-301F-11D3-BF4B-00C04F79EFBC}") = "ZamestnanecDedicnost", "ZamestnanecDedicnost\ZamestnanecDedicnost.csproj", "{BE9F2ECE-499C-42D1-87EF-B23B3E4917F8}"
EndProject
Global
	GlobalSection(SolutionConfigurationPlatforms) = preSolution
		Debug|Any CPU = Debug|Any CPU
		Release|Any CPU = Release|Any CPU
	EndGlobalSection
	GlobalSection(ProjectConfigurationPlatforms) = postSolution
		{BE9F2ECE-499C-42D1-87EF-B23B3E4917F8}.Debug|Any CPU.ActiveCfg = Debug|Any CPU
		{BE9F2ECE-499C-42D1-87EF-B23B3E4917F8}.Debug|Any CPU.Build.0 = Debug|Any CPU
		{BE9F2ECE-499C-42D1-87EF-B23B3E4917F8}.Release|Any CPU.ActiveCfg = Release|Any CPU
		{BE9F2ECE-499C-42D1-87EF-B23B3E4917F8}.Release|Any CPU.Build.0 = Release|Any CPU
	EndGlobalSection
	GlobalSection(SolutionProperties) = preSolution
		HideSolutionNode = FALSE
	EndGlobalSection
	GlobalSection(ExtensibilityGlobals) = postSolution
		SolutionGuid = {6D1C76FA-0D0D-4B08-9DDE-7F9EED1C1482}
	EndGlobalSection
EndGlobal
